
Microsoft Visual Studio Solution File, Format Version 12.00
# Visual Studio Version 17
VisualStudioVersion = 17.0.31903.59
MinimumVisualStudioVersion = 10.0.40219.1
Project("{9A19103F-16F7-4668-BE54-9A1E7A4F7556}") = "GestioneApp", "GestioneApp\GestioneApp.csproj", "{6E73D276-5F02-4104-AC6E-2AF645291589}"
EndProject
Project("{FAE04EC0-301F-11D3-BF4B-00C04F79EFBC}") = "GestioneApp.DataLayer", "GestioneApp.DataLayer\GestioneApp.DataLayer.csproj", "{564875C5-3F5A-432B-B74B-CF858B05791B}"
EndProject
Project("{FAE04EC0-301F-11D3-BF4B-00C04F79EFBC}") = "GestioneApp.Core", "GestioneApp.Core\GestioneApp.Core.csproj", "{7D9A4B08-7D5A-421E-BDE5-489372497162}"
EndProject
Global
	GlobalSection(SolutionConfigurationPlatforms) = preSolution
		Debug|Any CPU = Debug|Any CPU
		Release|Any CPU = Release|Any CPU
	EndGlobalSection
	GlobalSection(ProjectConfigurationPlatforms) = postSolution
		{6E73D276-5F02-4104-AC6E-2AF645291589}.Debug|Any CPU.ActiveCfg = Debug|Any CPU
		{6E73D276-5F02-4104-AC6E-2AF645291589}.Debug|Any CPU.Build.0 = Debug|Any CPU
		{6E73D276-5F02-4104-AC6E-2AF645291589}.Release|Any CPU.ActiveCfg = Release|Any CPU
		{6E73D276-5F02-4104-AC6E-2AF645291589}.Release|Any CPU.Build.0 = Release|Any CPU
		{564875C5-3F5A-432B-B74B-CF858B05791B}.Debug|Any CPU.ActiveCfg = Debug|Any CPU
		{564875C5-3F5A-432B-B74B-CF858B05791B}.Debug|Any CPU.Build.0 = Debug|Any CPU
		{564875C5-3F5A-432B-B74B-CF858B05791B}.Release|Any CPU.ActiveCfg = Release|Any CPU
		{564875C5-3F5A-432B-B74B-CF858B05791B}.Release|Any CPU.Build.0 = Release|Any CPU
		{7D9A4B08-7D5A-421E-BDE5-489372497162}.Debug|Any CPU.ActiveCfg = Debug|Any CPU
		{7D9A4B08-7D5A-421E-BDE5-489372497162}.Debug|Any CPU.Build.0 = Debug|Any CPU
		{7D9A4B08-7D5A-421E-BDE5-489372497162}.Release|Any CPU.ActiveCfg = Release|Any CPU
		{7D9A4B08-7D5A-421E-BDE5-489372497162}.Release|Any CPU.Build.0 = Release|Any CPU
	EndGlobalSection
	GlobalSection(SolutionProperties) = preSolution
		HideSolutionNode = FALSE
	EndGlobalSection
	GlobalSection(ExtensibilityGlobals) = postSolution
		SolutionGuid = {DA3317F1-094B-49D2-B087-D8CC3EB3EAC8}
	EndGlobalSection
EndGlobal
